// !$*UTF8*$!
{
	archiveVersion = 1;
	classes = {
	};
	objectVersion = 56;
	objects = {

/* Begin PBXBuildFile section */
		FEEDFACE0000000000000021 /* TextureAtlas.m in Sources */ = {isa = PBXBuildFile; fileRef = FEEDFACE0000000000000051 /* TextureAtlas.m */; };
		FEEDFACE0000000000000022 /* maxrects.c in Sources */ = {isa = PBXBuildFile; fileRef = FEEDFACE0000000000000052 /* maxrects.c */; };
		FEEDFACE0000000000000023 /* introsort.c in Sources */ = {isa = PBXBuildFile; fileRef = FEEDFACE0000000000000053 /* introsort.c */; };
		FEEDFACE0000000000000031 /* Foundation.framework in Frameworks */ = {isa = PBXBuildFile; fileRef = FEEDFACE0000000000000061 /* Foundation.framework */; };
		FEEDFACE0000000000000032 /* CoreGraphics.framework in Frameworks */ = {isa = PBXBuildFile; fileRef = FEEDFACE0000000000000062 /* CoreGraphics.framework */; };
		FEEDFACE0000000000000033 /* ImageIO.framework in Frameworks */ = {isa = PBXBuildFile; fileRef = FEEDFACE0000000000000063 /* ImageIO.framework */; };
		FEEDFACE0000000000000034 /* libz.tbd in Frameworks */ = {isa = PBXBuildFile; fileRef = FEEDFACE0000000000000064 /* libz.tbd */; };
		FEEDFACE0000000000000025 /* SKAction.m in Sources */ = {isa = PBXBuildFile; fileRef = FEEDFACE0000000000000055 /* SKAction.m */; };
		FEEDFACE0000000000000026 /* SKNode.m in Sources */ = {isa = PBXBuildFile; fileRef = FEEDFACE0000000000000057 /* SKNode.m */; };
		FEEDFACE0000000000000027 /* sk_action_parity.m in Sources */ = {isa = PBXBuildFile; fileRef = FEEDFACE0000000000000059 /* sk_action_parity.m */; };
		FEEDFACE0000000000000028 /* sk_node_parity.m in Sources */ = {isa = PBXBuildFile; fileRef = FEEDFACE000000000000005A /* sk_node_parity.m */; };
		FEEDFACE0000000000000035 /* AppKit.framework in Frameworks */ = {isa = PBXBuildFile; fileRef = FEEDFACE0000000000000065 /* AppKit.framework */; };
		FEEDFACE0000000000000036 /* libSpriteKit.a in Frameworks */ = {isa = PBXBuildFile; fileRef = FEEDFACE0000000000000042 /* libSpriteKit.a */; };
		FEEDFACE0000000000000037 /* libSpriteKit.a in Frameworks */ = {isa = PBXBuildFile; fileRef = FEEDFACE0000000000000042 /* libSpriteKit.a */; };
		FEEDFACE0000000000000038 /* Foundation.framework in Frameworks */ = {isa = PBXBuildFile; fileRef = FEEDFACE0000000000000061 /* Foundation.framework */; };
		FEEDFACE0000000000000039 /* CoreGraphics.framework in Frameworks */ = {isa = PBXBuildFile; fileRef = FEEDFACE0000000000000062 /* CoreGraphics.framework */; };
		FEEDFACE000000000000003A /* AppKit.framework in Frameworks */ = {isa = PBXBuildFile; fileRef = FEEDFACE0000000000000065 /* AppKit.framework */; };
		FEEDFACE000000000000003B /* Foundation.framework in Frameworks */ = {isa = PBXBuildFile; fileRef = FEEDFACE0000000000000061 /* Foundation.framework */; };
		FEEDFACE000000000000003C /* CoreGraphics.framework in Frameworks */ = {isa = PBXBuildFile; fileRef = FEEDFACE0000000000000062 /* CoreGraphics.framework */; };
		FEEDFACE000000000000003D /* AppKit.framework in Frameworks */ = {isa = PBXBuildFile; fileRef = FEEDFACE0000000000000065 /* AppKit.framework */; };
		FEEDFACE00000000000000E1 /* libSpriteKit.a in Frameworks */ = {isa = PBXBuildFile; fileRef = FEEDFACE0000000000000042 /* libSpriteKit.a */; };
		FEEDFACE00000000000000E2 /* Foundation.framework in Frameworks */ = {isa = PBXBuildFile; fileRef = FEEDFACE0000000000000061 /* Foundation.framework */; };
		FEEDFACE00000000000000E3 /* CoreGraphics.framework in Frameworks */ = {isa = PBXBuildFile; fileRef = FEEDFACE0000000000000062 /* CoreGraphics.framework */; };
		FEEDFACE00000000000000E4 /* AppKit.framework in Frameworks */ = {isa = PBXBuildFile; fileRef = FEEDFACE0000000000000065 /* AppKit.framework */; };
		FEEDFACE00000000000000E5 /* sk_sprite_parity.m in Sources */ = {isa = PBXBuildFile; fileRef = FEEDFACE000000000000005B /* sk_sprite_parity.m */; };
		FEEDFACE00000000000000F1 /* libSpriteKit.a in Frameworks */ = {isa = PBXBuildFile; fileRef = FEEDFACE0000000000000042 /* libSpriteKit.a */; };
		FEEDFACE00000000000000F2 /* Foundation.framework in Frameworks */ = {isa = PBXBuildFile; fileRef = FEEDFACE0000000000000061 /* Foundation.framework */; };
		FEEDFACE00000000000000F3 /* CoreGraphics.framework in Frameworks */ = {isa = PBXBuildFile; fileRef = FEEDFACE0000000000000062 /* CoreGraphics.framework */; };
		FEEDFACE00000000000000F4 /* AppKit.framework in Frameworks */ = {isa = PBXBuildFile; fileRef = FEEDFACE0000000000000065 /* AppKit.framework */; };
		FEEDFACE00000000000000F5 /* sk_label_parity.m in Sources */ = {isa = PBXBuildFile; fileRef = FEEDFACE000000000000005C /* sk_label_parity.m */; };
		FEEDFACE0000000000000101 /* libSpriteKit.a in Frameworks */ = {isa = PBXBuildFile; fileRef = FEEDFACE0000000000000042 /* libSpriteKit.a */; };
		FEEDFACE0000000000000102 /* Foundation.framework in Frameworks */ = {isa = PBXBuildFile; fileRef = FEEDFACE0000000000000061 /* Foundation.framework */; };
		FEEDFACE0000000000000103 /* CoreGraphics.framework in Frameworks */ = {isa = PBXBuildFile; fileRef = FEEDFACE0000000000000062 /* CoreGraphics.framework */; };
		FEEDFACE0000000000000104 /* AppKit.framework in Frameworks */ = {isa = PBXBuildFile; fileRef = FEEDFACE0000000000000065 /* AppKit.framework */; };
		FEEDFACE0000000000000105 /* sk_effect_parity.m in Sources */ = {isa = PBXBuildFile; fileRef = FEEDFACE000000000000005D /* sk_effect_parity.m */; };
		FEEDFACE0000000000000106 /* libSpriteKit.a in Frameworks */ = {isa = PBXBuildFile; fileRef = FEEDFACE0000000000000042 /* libSpriteKit.a */; };
		FEEDFACE0000000000000107 /* Foundation.framework in Frameworks */ = {isa = PBXBuildFile; fileRef = FEEDFACE0000000000000061 /* Foundation.framework */; };
		FEEDFACE0000000000000108 /* CoreGraphics.framework in Frameworks */ = {isa = PBXBuildFile; fileRef = FEEDFACE0000000000000062 /* CoreGraphics.framework */; };
		FEEDFACE0000000000000109 /* AppKit.framework in Frameworks */ = {isa = PBXBuildFile; fileRef = FEEDFACE0000000000000065 /* AppKit.framework */; };
		FEEDFACE000000000000010A /* sk_shape_parity.m in Sources */ = {isa = PBXBuildFile; fileRef = FEEDFACE00000000000000CD /* sk_shape_parity.m */; };
		FEEDFACE000000000000010B /* libSpriteKit.a in Frameworks */ = {isa = PBXBuildFile; fileRef = FEEDFACE0000000000000042 /* libSpriteKit.a */; };
		FEEDFACE000000000000010C /* Foundation.framework in Frameworks */ = {isa = PBXBuildFile; fileRef = FEEDFACE0000000000000061 /* Foundation.framework */; };
		FEEDFACE000000000000010D /* CoreGraphics.framework in Frameworks */ = {isa = PBXBuildFile; fileRef = FEEDFACE0000000000000062 /* CoreGraphics.framework */; };
		FEEDFACE000000000000010E /* AppKit.framework in Frameworks */ = {isa = PBXBuildFile; fileRef = FEEDFACE0000000000000065 /* AppKit.framework */; };
		FEEDFACE000000000000010F /* sk_scene_parity.m in Sources */ = {isa = PBXBuildFile; fileRef = FEEDFACE00000000000000D8 /* sk_scene_parity.m */; };
		FEEDFACE00000000000000E9 /* sk_scene_canonical_parity.m in Sources */ = {isa = PBXBuildFile; fileRef = FEEDFACE00000000000000E7 /* sk_scene_canonical_parity.m */; };
		FEEDFACE00000000000000EA /* libSpriteKit.a in Frameworks */ = {isa = PBXBuildFile; fileRef = FEEDFACE0000000000000042 /* libSpriteKit.a */; };
		FEEDFACE00000000000000EB /* Foundation.framework in Frameworks */ = {isa = PBXBuildFile; fileRef = FEEDFACE0000000000000061 /* Foundation.framework */; };
		FEEDFACE00000000000000EC /* CoreGraphics.framework in Frameworks */ = {isa = PBXBuildFile; fileRef = FEEDFACE0000000000000062 /* CoreGraphics.framework */; };
		FEEDFACE00000000000000ED /* AppKit.framework in Frameworks */ = {isa = PBXBuildFile; fileRef = FEEDFACE0000000000000065 /* AppKit.framework */; };
		FEEDFACE0000000000000113 /* sk_camera_parity.m in Sources */ = {isa = PBXBuildFile; fileRef = FEEDFACE0000000000000111 /* sk_camera_parity.m */; };
		FEEDFACE0000000000000114 /* libSpriteKit.a in Frameworks */ = {isa = PBXBuildFile; fileRef = FEEDFACE0000000000000042 /* libSpriteKit.a */; };
		FEEDFACE0000000000000115 /* Foundation.framework in Frameworks */ = {isa = PBXBuildFile; fileRef = FEEDFACE0000000000000061 /* Foundation.framework */; };
		FEEDFACE0000000000000116 /* CoreGraphics.framework in Frameworks */ = {isa = PBXBuildFile; fileRef = FEEDFACE0000000000000062 /* CoreGraphics.framework */; };
		FEEDFACE0000000000000117 /* AppKit.framework in Frameworks */ = {isa = PBXBuildFile; fileRef = FEEDFACE0000000000000065 /* AppKit.framework */; };
		FEEDFACE0000000000000122 /* sk_crop_parity.m in Sources */ = {isa = PBXBuildFile; fileRef = FEEDFACE0000000000000120 /* sk_crop_parity.m */; };
		FEEDFACE0000000000000123 /* libSpriteKit.a in Frameworks */ = {isa = PBXBuildFile; fileRef = FEEDFACE0000000000000042 /* libSpriteKit.a */; };
		FEEDFACE0000000000000124 /* Foundation.framework in Frameworks */ = {isa = PBXBuildFile; fileRef = FEEDFACE0000000000000061 /* Foundation.framework */; };
		FEEDFACE0000000000000125 /* CoreGraphics.framework in Frameworks */ = {isa = PBXBuildFile; fileRef = FEEDFACE0000000000000062 /* CoreGraphics.framework */; };
		FEEDFACE0000000000000126 /* AppKit.framework in Frameworks */ = {isa = PBXBuildFile; fileRef = FEEDFACE0000000000000065 /* AppKit.framework */; };
/* End PBXBuildFile section */

/* Begin PBXContainerItemProxy section */
		FEEDFACE00000000000000C1 /* PBXContainerItemProxy */ = {
			isa = PBXContainerItemProxy;
			containerPortal = FEEDFACE0000000000000001 /* Project object */;
			proxyType = 1;
			remoteGlobalIDString = FEEDFACE0000000000000091;
			remoteInfo = SpriteKit;
		};
		FEEDFACE00000000000000C3 /* PBXContainerItemProxy */ = {
			isa = PBXContainerItemProxy;
			containerPortal = FEEDFACE0000000000000001 /* Project object */;
			proxyType = 1;
			remoteGlobalIDString = FEEDFACE0000000000000091;
			remoteInfo = SpriteKit;
		};
		FEEDFACE00000000000000C5 /* PBXContainerItemProxy */ = {
			isa = PBXContainerItemProxy;
			containerPortal = FEEDFACE0000000000000001 /* Project object */;
			proxyType = 1;
			remoteGlobalIDString = FEEDFACE0000000000000091;
			remoteInfo = SpriteKit;
		};
		FEEDFACE00000000000000C9 /* PBXContainerItemProxy */ = {
			isa = PBXContainerItemProxy;
			containerPortal = FEEDFACE0000000000000001 /* Project object */;
			proxyType = 1;
			remoteGlobalIDString = FEEDFACE0000000000000091;
			remoteInfo = SpriteKit;
		};
		FEEDFACE00000000000000C7 /* PBXContainerItemProxy */ = {
			isa = PBXContainerItemProxy;
			containerPortal = FEEDFACE0000000000000001 /* Project object */;
			proxyType = 1;
			remoteGlobalIDString = FEEDFACE0000000000000091;
			remoteInfo = SpriteKit;
		};
		FEEDFACE00000000000000CB /* PBXContainerItemProxy */ = {
			isa = PBXContainerItemProxy;
			containerPortal = FEEDFACE0000000000000001 /* Project object */;
			proxyType = 1;
			remoteGlobalIDString = FEEDFACE0000000000000091;
			remoteInfo = SpriteKit;
		};
		FEEDFACE00000000000000D5 /* PBXContainerItemProxy */ = {
			isa = PBXContainerItemProxy;
			containerPortal = FEEDFACE0000000000000001 /* Project object */;
			proxyType = 1;
			remoteGlobalIDString = FEEDFACE0000000000000091;
			remoteInfo = SpriteKit;
		};
		FEEDFACE00000000000000E8 /* PBXContainerItemProxy */ = {
			isa = PBXContainerItemProxy;
			containerPortal = FEEDFACE0000000000000001 /* Project object */;
			proxyType = 1;
			remoteGlobalIDString = FEEDFACE0000000000000091;
			remoteInfo = SpriteKit;
		};
		FEEDFACE0000000000000112 /* PBXContainerItemProxy */ = {
			isa = PBXContainerItemProxy;
			containerPortal = FEEDFACE0000000000000001 /* Project object */;
			proxyType = 1;
			remoteGlobalIDString = FEEDFACE0000000000000091;
			remoteInfo = SpriteKit;
		};
		FEEDFACE0000000000000121 /* PBXContainerItemProxy */ = {
			isa = PBXContainerItemProxy;
			containerPortal = FEEDFACE0000000000000001 /* Project object */;
			proxyType = 1;
			remoteGlobalIDString = FEEDFACE0000000000000091;
			remoteInfo = SpriteKit;
		};
/* End PBXContainerItemProxy section */

/* Begin PBXFileReference section */
		FEEDFACE0000000000000041 /* TextureAtlas */ = {isa = PBXFileReference; explicitFileType = "compiled.mach-o.executable"; includeInIndex = 0; path = TextureAtlas; sourceTree = BUILT_PRODUCTS_DIR; };
		FEEDFACE0000000000000042 /* libSpriteKit.a */ = {isa = PBXFileReference; explicitFileType = archive.ar; includeInIndex = 0; path = libSpriteKit.a; sourceTree = BUILT_PRODUCTS_DIR; };
		FEEDFACE0000000000000043 /* sk_action_parity */ = {isa = PBXFileReference; explicitFileType = "compiled.mach-o.executable"; includeInIndex = 0; path = sk_action_parity; sourceTree = BUILT_PRODUCTS_DIR; };
		FEEDFACE0000000000000044 /* sk_node_parity */ = {isa = PBXFileReference; explicitFileType = "compiled.mach-o.executable"; includeInIndex = 0; path = sk_node_parity; sourceTree = BUILT_PRODUCTS_DIR; };
		FEEDFACE0000000000000045 /* sk_sprite_parity */ = {isa = PBXFileReference; explicitFileType = "compiled.mach-o.executable"; includeInIndex = 0; path = sk_sprite_parity; sourceTree = BUILT_PRODUCTS_DIR; };
		FEEDFACE0000000000000046 /* sk_label_parity */ = {isa = PBXFileReference; explicitFileType = "compiled.mach-o.executable"; includeInIndex = 0; path = sk_label_parity; sourceTree = BUILT_PRODUCTS_DIR; };
		FEEDFACE0000000000000047 /* sk_effect_parity */ = {isa = PBXFileReference; explicitFileType = "compiled.mach-o.executable"; includeInIndex = 0; path = sk_effect_parity; sourceTree = BUILT_PRODUCTS_DIR; };
		FEEDFACE00000000000000CC /* sk_shape_parity */ = {isa = PBXFileReference; explicitFileType = "compiled.mach-o.executable"; includeInIndex = 0; path = sk_shape_parity; sourceTree = BUILT_PRODUCTS_DIR; };
		FEEDFACE0000000000000051 /* TextureAtlas.m */ = {isa = PBXFileReference; lastKnownFileType = sourcecode.c.objc; path = TextureAtlas.m; sourceTree = "<group>"; };
		FEEDFACE0000000000000052 /* maxrects.c */ = {isa = PBXFileReference; lastKnownFileType = sourcecode.c.c; path = maxrects.c; sourceTree = "<group>"; };
		FEEDFACE0000000000000053 /* introsort.c */ = {isa = PBXFileReference; lastKnownFileType = sourcecode.c.c; path = introsort.c; sourceTree = "<group>"; };
		FEEDFACE0000000000000055 /* SKAction.m */ = {isa = PBXFileReference; lastKnownFileType = sourcecode.c.objc; path = SKAction.m; sourceTree = "<group>"; };
		FEEDFACE0000000000000056 /* SKAction.h */ = {isa = PBXFileReference; lastKnownFileType = sourcecode.c.h; path = SKAction.h; sourceTree = "<group>"; };
		FEEDFACE0000000000000057 /* SKNode.m */ = {isa = PBXFileReference; lastKnownFileType = sourcecode.c.objc; path = SKNode.m; sourceTree = "<group>"; };
		FEEDFACE0000000000000058 /* SKNode.h */ = {isa = PBXFileReference; lastKnownFileType = sourcecode.c.h; path = SKNode.h; sourceTree = "<group>"; };
		FEEDFACE0000000000000059 /* sk_action_parity.m */ = {isa = PBXFileReference; lastKnownFileType = sourcecode.c.objc; path = sk_action_parity.m; sourceTree = "<group>"; };
		FEEDFACE000000000000005A /* sk_node_parity.m */ = {isa = PBXFileReference; lastKnownFileType = sourcecode.c.objc; path = sk_node_parity.m; sourceTree = "<group>"; };
		FEEDFACE000000000000005B /* sk_sprite_parity.m */ = {isa = PBXFileReference; lastKnownFileType = sourcecode.c.objc; path = sk_sprite_parity.m; sourceTree = "<group>"; };
		FEEDFACE000000000000005C /* sk_label_parity.m */ = {isa = PBXFileReference; lastKnownFileType = sourcecode.c.objc; path = sk_label_parity.m; sourceTree = "<group>"; };
		FEEDFACE000000000000005D /* sk_effect_parity.m */ = {isa = PBXFileReference; lastKnownFileType = sourcecode.c.objc; path = sk_effect_parity.m; sourceTree = "<group>"; };
		FEEDFACE00000000000000CD /* sk_shape_parity.m */ = {isa = PBXFileReference; lastKnownFileType = sourcecode.c.objc; path = sk_shape_parity.m; sourceTree = "<group>"; };
		FEEDFACE00000000000000D7 /* sk_scene_parity */ = {isa = PBXFileReference; explicitFileType = "compiled.mach-o.executable"; includeInIndex = 0; path = sk_scene_parity; sourceTree = BUILT_PRODUCTS_DIR; };
		FEEDFACE00000000000000D8 /* sk_scene_parity.m */ = {isa = PBXFileReference; lastKnownFileType = sourcecode.c.objc; path = sk_scene_parity.m; sourceTree = "<group>"; };
		FEEDFACE0000000000000061 /* Foundation.framework */ = {isa = PBXFileReference; lastKnownFileType = wrapper.framework; name = Foundation.framework; path = System/Library/Frameworks/Foundation.framework; sourceTree = SDKROOT; };
		FEEDFACE0000000000000062 /* CoreGraphics.framework */ = {isa = PBXFileReference; lastKnownFileType = wrapper.framework; name = CoreGraphics.framework; path = System/Library/Frameworks/CoreGraphics.framework; sourceTree = SDKROOT; };
		FEEDFACE0000000000000063 /* ImageIO.framework */ = {isa = PBXFileReference; lastKnownFileType = wrapper.framework; name = ImageIO.framework; path = System/Library/Frameworks/ImageIO.framework; sourceTree = SDKROOT; };
		FEEDFACE0000000000000064 /* libz.tbd */ = {isa = PBXFileReference; lastKnownFileType = "sourcecode.text-based-dylib-definition"; name = libz.tbd; path = usr/lib/libz.tbd; sourceTree = SDKROOT; };
		FEEDFACE0000000000000065 /* AppKit.framework */ = {isa = PBXFileReference; lastKnownFileType = wrapper.framework; name = AppKit.framework; path = System/Library/Frameworks/AppKit.framework; sourceTree = SDKROOT; };
		FEEDFACE00000000000000E6 /* sk_scene_canonical_parity */ = {isa = PBXFileReference; explicitFileType = "compiled.mach-o.executable"; includeInIndex = 0; path = sk_scene_canonical_parity; sourceTree = BUILT_PRODUCTS_DIR; };
		FEEDFACE00000000000000E7 /* sk_scene_canonical_parity.m */ = {isa = PBXFileReference; lastKnownFileType = sourcecode.c.objc; path = sk_scene_canonical_parity.m; sourceTree = "<group>"; };
		FEEDFACE0000000000000110 /* sk_camera_parity */ = {isa = PBXFileReference; explicitFileType = "compiled.mach-o.executable"; includeInIndex = 0; path = sk_camera_parity; sourceTree = BUILT_PRODUCTS_DIR; };
		FEEDFACE0000000000000111 /* sk_camera_parity.m */ = {isa = PBXFileReference; lastKnownFileType = sourcecode.c.objc; path = sk_camera_parity.m; sourceTree = "<group>"; };
		FEEDFACE000000000000011F /* sk_crop_parity */ = {isa = PBXFileReference; explicitFileType = "compiled.mach-o.executable"; includeInIndex = 0; path = sk_crop_parity; sourceTree = BUILT_PRODUCTS_DIR; };
		FEEDFACE0000000000000120 /* sk_crop_parity.m */ = {isa = PBXFileReference; lastKnownFileType = sourcecode.c.objc; path = sk_crop_parity.m; sourceTree = "<group>"; };
/* End PBXFileReference section */

/* Begin PBXFrameworksBuildPhase section */
		FEEDFACE0000000000000081 /* Frameworks */ = {
			isa = PBXFrameworksBuildPhase;
			buildActionMask = 2147483647;
			files = (
				FEEDFACE0000000000000031 /* Foundation.framework in Frameworks */,
				FEEDFACE0000000000000032 /* CoreGraphics.framework in Frameworks */,
				FEEDFACE0000000000000033 /* ImageIO.framework in Frameworks */,
				FEEDFACE0000000000000034 /* libz.tbd in Frameworks */,
			);
			runOnlyForDeploymentPostprocessing = 0;
		};
		FEEDFACE0000000000000083 /* Frameworks */ = {
			isa = PBXFrameworksBuildPhase;
			buildActionMask = 2147483647;
			files = (
				FEEDFACE0000000000000031 /* Foundation.framework in Frameworks */,
				FEEDFACE0000000000000032 /* CoreGraphics.framework in Frameworks */,
				FEEDFACE0000000000000035 /* AppKit.framework in Frameworks */,
			);
			runOnlyForDeploymentPostprocessing = 0;
		};
		FEEDFACE0000000000000085 /* Frameworks */ = {
			isa = PBXFrameworksBuildPhase;
			buildActionMask = 2147483647;
			files = (
				FEEDFACE0000000000000036 /* libSpriteKit.a in Frameworks */,
				FEEDFACE0000000000000038 /* Foundation.framework in Frameworks */,
				FEEDFACE0000000000000039 /* CoreGraphics.framework in Frameworks */,
				FEEDFACE000000000000003A /* AppKit.framework in Frameworks */,
			);
			runOnlyForDeploymentPostprocessing = 0;
		};
		FEEDFACE0000000000000087 /* Frameworks */ = {
			isa = PBXFrameworksBuildPhase;
			buildActionMask = 2147483647;
			files = (
				FEEDFACE0000000000000037 /* libSpriteKit.a in Frameworks */,
				FEEDFACE000000000000003B /* Foundation.framework in Frameworks */,
				FEEDFACE000000000000003C /* CoreGraphics.framework in Frameworks */,
				FEEDFACE000000000000003D /* AppKit.framework in Frameworks */,
			);
			runOnlyForDeploymentPostprocessing = 0;
		};
		FEEDFACE0000000000000089 /* Frameworks */ = {
			isa = PBXFrameworksBuildPhase;
			buildActionMask = 2147483647;
			files = (
				FEEDFACE00000000000000E1 /* libSpriteKit.a in Frameworks */,
				FEEDFACE00000000000000E2 /* Foundation.framework in Frameworks */,
				FEEDFACE00000000000000E3 /* CoreGraphics.framework in Frameworks */,
				FEEDFACE00000000000000E4 /* AppKit.framework in Frameworks */,
			);
			runOnlyForDeploymentPostprocessing = 0;
		};
		FEEDFACE000000000000008B /* Frameworks */ = {
			isa = PBXFrameworksBuildPhase;
			buildActionMask = 2147483647;
			files = (
				FEEDFACE00000000000000F1 /* libSpriteKit.a in Frameworks */,
				FEEDFACE00000000000000F2 /* Foundation.framework in Frameworks */,
				FEEDFACE00000000000000F3 /* CoreGraphics.framework in Frameworks */,
				FEEDFACE00000000000000F4 /* AppKit.framework in Frameworks */,
			);
			runOnlyForDeploymentPostprocessing = 0;
		};
		FEEDFACE000000000000008D /* Frameworks */ = {
			isa = PBXFrameworksBuildPhase;
			buildActionMask = 2147483647;
			files = (
				FEEDFACE0000000000000101 /* libSpriteKit.a in Frameworks */,
				FEEDFACE0000000000000102 /* Foundation.framework in Frameworks */,
				FEEDFACE0000000000000103 /* CoreGraphics.framework in Frameworks */,
				FEEDFACE0000000000000104 /* AppKit.framework in Frameworks */,
			);
			runOnlyForDeploymentPostprocessing = 0;
		};
		FEEDFACE00000000000000D0 /* Frameworks */ = {
			isa = PBXFrameworksBuildPhase;
			buildActionMask = 2147483647;
			files = (
				FEEDFACE0000000000000106 /* libSpriteKit.a in Frameworks */,
				FEEDFACE0000000000000107 /* Foundation.framework in Frameworks */,
				FEEDFACE0000000000000108 /* CoreGraphics.framework in Frameworks */,
				FEEDFACE0000000000000109 /* AppKit.framework in Frameworks */,
			);
			runOnlyForDeploymentPostprocessing = 0;
		};
		FEEDFACE00000000000000DB /* Frameworks */ = {
			isa = PBXFrameworksBuildPhase;
			buildActionMask = 2147483647;
			files = (
				FEEDFACE000000000000010B /* libSpriteKit.a in Frameworks */,
				FEEDFACE000000000000010C /* Foundation.framework in Frameworks */,
				FEEDFACE000000000000010D /* CoreGraphics.framework in Frameworks */,
				FEEDFACE000000000000010E /* AppKit.framework in Frameworks */,
			);
			runOnlyForDeploymentPostprocessing = 0;
		};
		FEEDFACE00000000000000EE /* Frameworks */ = {
			isa = PBXFrameworksBuildPhase;
			buildActionMask = 2147483647;
			files = (
				FEEDFACE00000000000000EA /* libSpriteKit.a in Frameworks */,
				FEEDFACE00000000000000EB /* Foundation.framework in Frameworks */,
				FEEDFACE00000000000000EC /* CoreGraphics.framework in Frameworks */,
				FEEDFACE00000000000000ED /* AppKit.framework in Frameworks */,
			);
			runOnlyForDeploymentPostprocessing = 0;
		};
		FEEDFACE0000000000000118 /* Frameworks */ = {
			isa = PBXFrameworksBuildPhase;
			buildActionMask = 2147483647;
			files = (
				FEEDFACE0000000000000114 /* libSpriteKit.a in Frameworks */,
				FEEDFACE0000000000000115 /* Foundation.framework in Frameworks */,
				FEEDFACE0000000000000116 /* CoreGraphics.framework in Frameworks */,
				FEEDFACE0000000000000117 /* AppKit.framework in Frameworks */,
			);
			runOnlyForDeploymentPostprocessing = 0;
		};
		FEEDFACE0000000000000127 /* Frameworks */ = {
			isa = PBXFrameworksBuildPhase;
			buildActionMask = 2147483647;
			files = (
				FEEDFACE0000000000000123 /* libSpriteKit.a in Frameworks */,
				FEEDFACE0000000000000124 /* Foundation.framework in Frameworks */,
				FEEDFACE0000000000000125 /* CoreGraphics.framework in Frameworks */,
				FEEDFACE0000000000000126 /* AppKit.framework in Frameworks */,
			);
			runOnlyForDeploymentPostprocessing = 0;
		};
/* End PBXFrameworksBuildPhase section */

/* Begin PBXGroup section */
		FEEDFACE0000000000000002 = {
			isa = PBXGroup;
			children = (
				FEEDFACE0000000000000004 /* src */,
				FEEDFACE0000000000000008 /* tools */,
				FEEDFACE0000000000000006 /* Frameworks */,
				FEEDFACE0000000000000003 /* Products */,
			);
			sourceTree = "<group>";
		};
		FEEDFACE0000000000000003 /* Products */ = {
			isa = PBXGroup;
			children = (
				FEEDFACE0000000000000041 /* TextureAtlas */,
				FEEDFACE0000000000000042 /* libSpriteKit.a */,
				FEEDFACE0000000000000043 /* sk_action_parity */,
				FEEDFACE0000000000000044 /* sk_node_parity */,
				FEEDFACE0000000000000045 /* sk_sprite_parity */,
				FEEDFACE0000000000000046 /* sk_label_parity */,
				FEEDFACE0000000000000047 /* sk_effect_parity */,
				FEEDFACE00000000000000CC /* sk_shape_parity */,
				FEEDFACE00000000000000D7 /* sk_scene_parity */,
				FEEDFACE00000000000000E6 /* sk_scene_canonical_parity */,
				FEEDFACE0000000000000110 /* sk_camera_parity */,
				FEEDFACE000000000000011F /* sk_crop_parity */,
			);
			name = Products;
			sourceTree = "<group>";
		};
		FEEDFACE0000000000000004 /* src */ = {
			isa = PBXGroup;
			children = (
				FEEDFACE0000000000000005 /* atlasc */,
				FEEDFACE0000000000000007 /* spritekit */,
			);
			path = src;
			sourceTree = "<group>";
		};
		FEEDFACE0000000000000005 /* atlasc */ = {
			isa = PBXGroup;
			children = (
				FEEDFACE0000000000000051 /* TextureAtlas.m */,
				FEEDFACE0000000000000052 /* maxrects.c */,
				FEEDFACE0000000000000053 /* introsort.c */,
			);
			path = atlasc;
			sourceTree = "<group>";
		};
		FEEDFACE0000000000000006 /* Frameworks */ = {
			isa = PBXGroup;
			children = (
				FEEDFACE0000000000000061 /* Foundation.framework */,
				FEEDFACE0000000000000062 /* CoreGraphics.framework */,
				FEEDFACE0000000000000063 /* ImageIO.framework */,
				FEEDFACE0000000000000065 /* AppKit.framework */,
				FEEDFACE0000000000000064 /* libz.tbd */,
			);
			name = Frameworks;
			sourceTree = "<group>";
		};
		FEEDFACE0000000000000007 /* spritekit */ = {
			isa = PBXGroup;
			children = (
				FEEDFACE0000000000000056 /* SKAction.h */,
				FEEDFACE0000000000000055 /* SKAction.m */,
				FEEDFACE0000000000000058 /* SKNode.h */,
				FEEDFACE0000000000000057 /* SKNode.m */,
			);
			path = spritekit;
			sourceTree = "<group>";
		};
		FEEDFACE0000000000000008 /* tools */ = {
			isa = PBXGroup;
			children = (
				FEEDFACE0000000000000059 /* sk_action_parity.m */,
				FEEDFACE000000000000005A /* sk_node_parity.m */,
				FEEDFACE000000000000005B /* sk_sprite_parity.m */,
				FEEDFACE000000000000005C /* sk_label_parity.m */,
				FEEDFACE000000000000005D /* sk_effect_parity.m */,
				FEEDFACE00000000000000CD /* sk_shape_parity.m */,
				FEEDFACE00000000000000D8 /* sk_scene_parity.m */,
				FEEDFACE00000000000000E7 /* sk_scene_canonical_parity.m */,
				FEEDFACE0000000000000111 /* sk_camera_parity.m */,
				FEEDFACE0000000000000120 /* sk_crop_parity.m */,
			);
			path = tools;
			sourceTree = "<group>";
		};
/* End PBXGroup section */

/* Begin PBXNativeTarget section */
		FEEDFACE0000000000000040 /* TextureAtlas */ = {
			isa = PBXNativeTarget;
			buildConfigurationList = FEEDFACE00000000000000A2 /* Build configuration list for PBXNativeTarget "TextureAtlas" */;
			buildPhases = (
				FEEDFACE0000000000000080 /* Sources */,
				FEEDFACE0000000000000081 /* Frameworks */,
			);
			buildRules = (
			);
			dependencies = (
			);
			name = TextureAtlas;
			productName = TextureAtlas;
			productReference = FEEDFACE0000000000000041 /* TextureAtlas */;
			productType = "com.apple.product-type.tool";
		};
		FEEDFACE0000000000000091 /* SpriteKit */ = {
			isa = PBXNativeTarget;
			buildConfigurationList = FEEDFACE00000000000000A3 /* Build configuration list for PBXNativeTarget "SpriteKit" */;
			buildPhases = (
				FEEDFACE0000000000000082 /* Sources */,
				FEEDFACE0000000000000083 /* Frameworks */,
			);
			buildRules = (
			);
			dependencies = (
			);
			name = SpriteKit;
			productName = SpriteKit;
			productReference = FEEDFACE0000000000000042 /* libSpriteKit.a */;
			productType = "com.apple.product-type.library.static";
		};
		FEEDFACE0000000000000092 /* sk_action_parity */ = {
			isa = PBXNativeTarget;
			buildConfigurationList = FEEDFACE00000000000000A4 /* Build configuration list for PBXNativeTarget "sk_action_parity" */;
			buildPhases = (
				FEEDFACE0000000000000084 /* Sources */,
				FEEDFACE0000000000000085 /* Frameworks */,
			);
			buildRules = (
			);
			dependencies = (
				FEEDFACE00000000000000C2 /* PBXTargetDependency */,
			);
			name = sk_action_parity;
			productName = sk_action_parity;
			productReference = FEEDFACE0000000000000043 /* sk_action_parity */;
			productType = "com.apple.product-type.tool";
		};
		FEEDFACE0000000000000093 /* sk_node_parity */ = {
			isa = PBXNativeTarget;
			buildConfigurationList = FEEDFACE00000000000000A5 /* Build configuration list for PBXNativeTarget "sk_node_parity" */;
			buildPhases = (
				FEEDFACE0000000000000086 /* Sources */,
				FEEDFACE0000000000000087 /* Frameworks */,
			);
			buildRules = (
			);
			dependencies = (
				FEEDFACE00000000000000C4 /* PBXTargetDependency */,
			);
			name = sk_node_parity;
			productName = sk_node_parity;
			productReference = FEEDFACE0000000000000044 /* sk_node_parity */;
			productType = "com.apple.product-type.tool";
		};
		FEEDFACE0000000000000096 /* sk_effect_parity */ = {
			isa = PBXNativeTarget;
			buildConfigurationList = FEEDFACE00000000000000A8 /* Build configuration list for PBXNativeTarget "sk_effect_parity" */;
			buildPhases = (
				FEEDFACE000000000000008C /* Sources */,
				FEEDFACE000000000000008D /* Frameworks */,
			);
			buildRules = (
			);
			dependencies = (
				FEEDFACE00000000000000CA /* PBXTargetDependency */,
			);
			name = sk_effect_parity;
			productName = sk_effect_parity;
			productReference = FEEDFACE0000000000000047 /* sk_effect_parity */;
			productType = "com.apple.product-type.tool";
		};
		FEEDFACE00000000000000CE /* sk_shape_parity */ = {
			isa = PBXNativeTarget;
			buildConfigurationList = FEEDFACE00000000000000D1 /* Build configuration list for PBXNativeTarget "sk_shape_parity" */;
			buildPhases = (
				FEEDFACE00000000000000CF /* Sources */,
				FEEDFACE00000000000000D0 /* Frameworks */,
			);
			buildRules = (
			);
			dependencies = (
				FEEDFACE00000000000000D4 /* PBXTargetDependency */,
			);
			name = sk_shape_parity;
			productName = sk_shape_parity;
			productReference = FEEDFACE00000000000000CC /* sk_shape_parity */;
			productType = "com.apple.product-type.tool";
		};
		FEEDFACE00000000000000D9 /* sk_scene_parity */ = {
			isa = PBXNativeTarget;
			buildConfigurationList = FEEDFACE00000000000000DE /* Build configuration list for PBXNativeTarget "sk_scene_parity" */;
			buildPhases = (
				FEEDFACE00000000000000DA /* Sources */,
				FEEDFACE00000000000000DB /* Frameworks */,
			);
			buildRules = (
			);
			dependencies = (
				FEEDFACE00000000000000D6 /* PBXTargetDependency */,
			);
			name = sk_scene_parity;
			productName = sk_scene_parity;
			productReference = FEEDFACE00000000000000D7 /* sk_scene_parity */;
			productType = "com.apple.product-type.tool";
		};
		FEEDFACE0000000000000095 /* sk_label_parity */ = {
			isa = PBXNativeTarget;
			buildConfigurationList = FEEDFACE00000000000000A7 /* Build configuration list for PBXNativeTarget "sk_label_parity" */;
			buildPhases = (
				FEEDFACE000000000000008A /* Sources */,
				FEEDFACE000000000000008B /* Frameworks */,
			);
			buildRules = (
			);
			dependencies = (
				FEEDFACE00000000000000C8 /* PBXTargetDependency */,
			);
			name = sk_label_parity;
			productName = sk_label_parity;
			productReference = FEEDFACE0000000000000046 /* sk_label_parity */;
			productType = "com.apple.product-type.tool";
		};
		FEEDFACE0000000000000094 /* sk_sprite_parity */ = {
			isa = PBXNativeTarget;
			buildConfigurationList = FEEDFACE00000000000000A6 /* Build configuration list for PBXNativeTarget "sk_sprite_parity" */;
			buildPhases = (
				FEEDFACE0000000000000088 /* Sources */,
				FEEDFACE0000000000000089 /* Frameworks */,
			);
			buildRules = (
			);
			dependencies = (
				FEEDFACE00000000000000C6 /* PBXTargetDependency */,
			);
			name = sk_sprite_parity;
			productName = sk_sprite_parity;
			productReference = FEEDFACE0000000000000045 /* sk_sprite_parity */;
			productType = "com.apple.product-type.tool";
		};
		FEEDFACE00000000000000F0 /* sk_scene_canonical_parity */ = {
			isa = PBXNativeTarget;
			buildConfigurationList = FEEDFACE00000000000000F6 /* Build configuration list for PBXNativeTarget "sk_scene_canonical_parity" */;
			buildPhases = (
				FEEDFACE00000000000000EF /* Sources */,
				FEEDFACE00000000000000EE /* Frameworks */,
			);
			buildRules = (
			);
			dependencies = (
				FEEDFACE00000000000000F9 /* PBXTargetDependency */,
			);
			name = sk_scene_canonical_parity;
			productName = sk_scene_canonical_parity;
			productReference = FEEDFACE00000000000000E6 /* sk_scene_canonical_parity */;
			productType = "com.apple.product-type.tool";
		};
		FEEDFACE000000000000011A /* sk_camera_parity */ = {
			isa = PBXNativeTarget;
			buildConfigurationList = FEEDFACE000000000000011C /* Build configuration list for PBXNativeTarget "sk_camera_parity" */;
			buildPhases = (
				FEEDFACE0000000000000119 /* Sources */,
				FEEDFACE0000000000000118 /* Frameworks */,
			);
			buildRules = (
			);
			dependencies = (
				FEEDFACE000000000000011B /* PBXTargetDependency */,
			);
			name = sk_camera_parity;
			productName = sk_camera_parity;
			productReference = FEEDFACE0000000000000110 /* sk_camera_parity */;
			productType = "com.apple.product-type.tool";
		};
		FEEDFACE0000000000000129 /* sk_crop_parity */ = {
			isa = PBXNativeTarget;
			buildConfigurationList = FEEDFACE000000000000012B /* Build configuration list for PBXNativeTarget "sk_crop_parity" */;
			buildPhases = (
				FEEDFACE0000000000000128 /* Sources */,
				FEEDFACE0000000000000127 /* Frameworks */,
			);
			buildRules = (
			);
			dependencies = (
				FEEDFACE000000000000012A /* PBXTargetDependency */,
			);
			name = sk_crop_parity;
			productName = sk_crop_parity;
			productReference = FEEDFACE000000000000011F /* sk_crop_parity */;
			productType = "com.apple.product-type.tool";
		};
/* End PBXNativeTarget section */

/* Begin PBXProject section */
		FEEDFACE0000000000000001 /* Project object */ = {
			isa = PBXProject;
			attributes = {
				BuildIndependentTargetsInParallel = 1;
				LastUpgradeCheck = 1500;
			};
			buildConfigurationList = FEEDFACE00000000000000A1 /* Build configuration list for PBXProject "SpriteKit" */;
			compatibilityVersion = "Xcode 14.0";
			developmentRegion = en;
			hasScannedForEncodings = 0;
			knownRegions = (
				en,
				Base,
			);
			mainGroup = FEEDFACE0000000000000002;
			productRefGroup = FEEDFACE0000000000000003 /* Products */;
			projectDirPath = "";
			projectRoot = "";
			targets = (
				FEEDFACE0000000000000040 /* TextureAtlas */,
				FEEDFACE0000000000000091 /* SpriteKit */,
				FEEDFACE0000000000000092 /* sk_action_parity */,
				FEEDFACE0000000000000093 /* sk_node_parity */,
				FEEDFACE0000000000000094 /* sk_sprite_parity */,
				FEEDFACE0000000000000095 /* sk_label_parity */,
				FEEDFACE0000000000000096 /* sk_effect_parity */,
				FEEDFACE00000000000000CE /* sk_shape_parity */,
				FEEDFACE00000000000000D9 /* sk_scene_parity */,
				FEEDFACE00000000000000F0 /* sk_scene_canonical_parity */,
				FEEDFACE000000000000011A /* sk_camera_parity */,
				FEEDFACE0000000000000129 /* sk_crop_parity */,
			);
		};
/* End PBXProject section */

/* Begin PBXSourcesBuildPhase section */
		FEEDFACE0000000000000080 /* Sources */ = {
			isa = PBXSourcesBuildPhase;
			buildActionMask = 2147483647;
			files = (
				FEEDFACE0000000000000021 /* TextureAtlas.m in Sources */,
				FEEDFACE0000000000000022 /* maxrects.c in Sources */,
				FEEDFACE0000000000000023 /* introsort.c in Sources */,
			);
			runOnlyForDeploymentPostprocessing = 0;
		};
		FEEDFACE0000000000000082 /* Sources */ = {
			isa = PBXSourcesBuildPhase;
			buildActionMask = 2147483647;
			files = (
				FEEDFACE0000000000000025 /* SKAction.m in Sources */,
				FEEDFACE0000000000000026 /* SKNode.m in Sources */,
			);
			runOnlyForDeploymentPostprocessing = 0;
		};
		FEEDFACE0000000000000084 /* Sources */ = {
			isa = PBXSourcesBuildPhase;
			buildActionMask = 2147483647;
			files = (
				FEEDFACE0000000000000027 /* sk_action_parity.m in Sources */,
			);
			runOnlyForDeploymentPostprocessing = 0;
		};
		FEEDFACE0000000000000086 /* Sources */ = {
			isa = PBXSourcesBuildPhase;
			buildActionMask = 2147483647;
			files = (
				FEEDFACE0000000000000028 /* sk_node_parity.m in Sources */,
			);
			runOnlyForDeploymentPostprocessing = 0;
		};
		FEEDFACE0000000000000088 /* Sources */ = {
			isa = PBXSourcesBuildPhase;
			buildActionMask = 2147483647;
			files = (
				FEEDFACE00000000000000E5 /* sk_sprite_parity.m in Sources */,
			);
			runOnlyForDeploymentPostprocessing = 0;
		};
		FEEDFACE000000000000008A /* Sources */ = {
			isa = PBXSourcesBuildPhase;
			buildActionMask = 2147483647;
			files = (
				FEEDFACE00000000000000F5 /* sk_label_parity.m in Sources */,
			);
			runOnlyForDeploymentPostprocessing = 0;
		};
		FEEDFACE000000000000008C /* Sources */ = {
			isa = PBXSourcesBuildPhase;
			buildActionMask = 2147483647;
			files = (
				FEEDFACE0000000000000105 /* sk_effect_parity.m in Sources */,
			);
			runOnlyForDeploymentPostprocessing = 0;
		};
		FEEDFACE00000000000000CF /* Sources */ = {
			isa = PBXSourcesBuildPhase;
			buildActionMask = 2147483647;
			files = (
				FEEDFACE000000000000010A /* sk_shape_parity.m in Sources */,
			);
			runOnlyForDeploymentPostprocessing = 0;
		};
		FEEDFACE00000000000000DA /* Sources */ = {
			isa = PBXSourcesBuildPhase;
			buildActionMask = 2147483647;
			files = (
				FEEDFACE000000000000010F /* sk_scene_parity.m in Sources */,
			);
			runOnlyForDeploymentPostprocessing = 0;
		};
		FEEDFACE00000000000000EF /* Sources */ = {
			isa = PBXSourcesBuildPhase;
			buildActionMask = 2147483647;
			files = (
				FEEDFACE00000000000000E9 /* sk_scene_canonical_parity.m in Sources */,
			);
			runOnlyForDeploymentPostprocessing = 0;
		};
		FEEDFACE0000000000000119 /* Sources */ = {
			isa = PBXSourcesBuildPhase;
			buildActionMask = 2147483647;
			files = (
				FEEDFACE0000000000000113 /* sk_camera_parity.m in Sources */,
			);
			runOnlyForDeploymentPostprocessing = 0;
		};
		FEEDFACE0000000000000128 /* Sources */ = {
			isa = PBXSourcesBuildPhase;
			buildActionMask = 2147483647;
			files = (
				FEEDFACE0000000000000122 /* sk_crop_parity.m in Sources */,
			);
			runOnlyForDeploymentPostprocessing = 0;
		};
/* End PBXSourcesBuildPhase section */

/* Begin PBXTargetDependency section */
		FEEDFACE00000000000000C2 /* PBXTargetDependency */ = {
			isa = PBXTargetDependency;
			target = FEEDFACE0000000000000091 /* SpriteKit */;
			targetProxy = FEEDFACE00000000000000C1 /* PBXContainerItemProxy */;
		};
		FEEDFACE00000000000000C4 /* PBXTargetDependency */ = {
			isa = PBXTargetDependency;
			target = FEEDFACE0000000000000091 /* SpriteKit */;
			targetProxy = FEEDFACE00000000000000C3 /* PBXContainerItemProxy */;
		};
		FEEDFACE00000000000000C6 /* PBXTargetDependency */ = {
			isa = PBXTargetDependency;
			target = FEEDFACE0000000000000091 /* SpriteKit */;
			targetProxy = FEEDFACE00000000000000C5 /* PBXContainerItemProxy */;
		};
		FEEDFACE00000000000000C8 /* PBXTargetDependency */ = {
			isa = PBXTargetDependency;
			target = FEEDFACE0000000000000091 /* SpriteKit */;
			targetProxy = FEEDFACE00000000000000C7 /* PBXContainerItemProxy */;
		};
		FEEDFACE00000000000000CA /* PBXTargetDependency */ = {
			isa = PBXTargetDependency;
			target = FEEDFACE0000000000000091 /* SpriteKit */;
			targetProxy = FEEDFACE00000000000000C9 /* PBXContainerItemProxy */;
		};
		FEEDFACE00000000000000D4 /* PBXTargetDependency */ = {
			isa = PBXTargetDependency;
			target = FEEDFACE0000000000000091 /* SpriteKit */;
			targetProxy = FEEDFACE00000000000000CB /* PBXContainerItemProxy */;
		};
		FEEDFACE00000000000000D6 /* PBXTargetDependency */ = {
			isa = PBXTargetDependency;
			target = FEEDFACE0000000000000091 /* SpriteKit */;
			targetProxy = FEEDFACE00000000000000D5 /* PBXContainerItemProxy */;
		};
		FEEDFACE00000000000000F9 /* PBXTargetDependency */ = {
			isa = PBXTargetDependency;
			target = FEEDFACE0000000000000091 /* SpriteKit */;
			targetProxy = FEEDFACE00000000000000E8 /* PBXContainerItemProxy */;
		};
		FEEDFACE000000000000011B /* PBXTargetDependency */ = {
			isa = PBXTargetDependency;
			target = FEEDFACE0000000000000091 /* SpriteKit */;
			targetProxy = FEEDFACE0000000000000112 /* PBXContainerItemProxy */;
		};
		FEEDFACE000000000000012A /* PBXTargetDependency */ = {
			isa = PBXTargetDependency;
			target = FEEDFACE0000000000000091 /* SpriteKit */;
			targetProxy = FEEDFACE0000000000000121 /* PBXContainerItemProxy */;
		};
/* End PBXTargetDependency section */

/* Begin XCBuildConfiguration section */
		FEEDFACE00000000000000B1 /* Debug */ = {
			isa = XCBuildConfiguration;
			buildSettings = {
				ENABLE_STRICT_OBJC_MSGSEND = YES;
				GCC_PREPROCESSOR_DEFINITIONS = (
					"DEBUG=1",
					"$(inherited)",
				);
				MACOSX_DEPLOYMENT_TARGET = 13.0;
				SDKROOT = macosx;
			};
			name = Debug;
		};
		FEEDFACE00000000000000B2 /* Release */ = {
			isa = XCBuildConfiguration;
			buildSettings = {
				ENABLE_STRICT_OBJC_MSGSEND = YES;
				MACOSX_DEPLOYMENT_TARGET = 13.0;
				SDKROOT = macosx;
			};
			name = Release;
		};
		FEEDFACE00000000000000B3 /* Debug */ = {
			isa = XCBuildConfiguration;
			buildSettings = {
				CONFIGURATION_BUILD_DIR = "$(SRCROOT)/build/debug";
				GCC_OPTIMIZATION_LEVEL = 0;
				PRODUCT_NAME = TextureAtlas;
			};
			name = Debug;
		};
		FEEDFACE00000000000000B4 /* Release */ = {
			isa = XCBuildConfiguration;
			buildSettings = {
				CONFIGURATION_BUILD_DIR = "$(SRCROOT)/build/release";
				GCC_OPTIMIZATION_LEVEL = 2;
				PRODUCT_NAME = TextureAtlas;
			};
			name = Release;
		};
		FEEDFACE00000000000000B5 /* Debug */ = {
			isa = XCBuildConfiguration;
			buildSettings = {
				CONFIGURATION_BUILD_DIR = "$(SRCROOT)/build/debug";
				GCC_OPTIMIZATION_LEVEL = 0;
				HEADER_SEARCH_PATHS = "$(SRCROOT)/src/spritekit";
				PRODUCT_NAME = SpriteKit;
			};
			name = Debug;
		};
		FEEDFACE00000000000000B6 /* Release */ = {
			isa = XCBuildConfiguration;
			buildSettings = {
				CONFIGURATION_BUILD_DIR = "$(SRCROOT)/build/release";
				GCC_OPTIMIZATION_LEVEL = 2;
				HEADER_SEARCH_PATHS = "$(SRCROOT)/src/spritekit";
				PRODUCT_NAME = SpriteKit;
			};
			name = Release;
		};
		FEEDFACE00000000000000B7 /* Debug */ = {
			isa = XCBuildConfiguration;
			buildSettings = {
				CONFIGURATION_BUILD_DIR = "$(SRCROOT)/build/debug";
				GCC_OPTIMIZATION_LEVEL = 0;
				HEADER_SEARCH_PATHS = "$(SRCROOT)/src/spritekit";
				PRODUCT_NAME = sk_action_parity;
			};
			name = Debug;
		};
		FEEDFACE00000000000000B8 /* Release */ = {
			isa = XCBuildConfiguration;
			buildSettings = {
				CONFIGURATION_BUILD_DIR = "$(SRCROOT)/build/release";
				GCC_OPTIMIZATION_LEVEL = 2;
				HEADER_SEARCH_PATHS = "$(SRCROOT)/src/spritekit";
				PRODUCT_NAME = sk_action_parity;
			};
			name = Release;
		};
		FEEDFACE00000000000000B9 /* Debug */ = {
			isa = XCBuildConfiguration;
			buildSettings = {
				CONFIGURATION_BUILD_DIR = "$(SRCROOT)/build/debug";
				GCC_OPTIMIZATION_LEVEL = 0;
				HEADER_SEARCH_PATHS = "$(SRCROOT)/src/spritekit";
				PRODUCT_NAME = sk_node_parity;
			};
			name = Debug;
		};
		FEEDFACE00000000000000BA /* Release */ = {
			isa = XCBuildConfiguration;
			buildSettings = {
				CONFIGURATION_BUILD_DIR = "$(SRCROOT)/build/release";
				GCC_OPTIMIZATION_LEVEL = 2;
				HEADER_SEARCH_PATHS = "$(SRCROOT)/src/spritekit";
				PRODUCT_NAME = sk_node_parity;
			};
			name = Release;
		};
		FEEDFACE00000000000000BB /* Debug */ = {
			isa = XCBuildConfiguration;
			buildSettings = {
				CONFIGURATION_BUILD_DIR = "$(SRCROOT)/build/debug";
				GCC_OPTIMIZATION_LEVEL = 0;
				HEADER_SEARCH_PATHS = "$(SRCROOT)/src/spritekit";
				PRODUCT_NAME = sk_sprite_parity;
			};
			name = Debug;
		};
		FEEDFACE00000000000000BC /* Release */ = {
			isa = XCBuildConfiguration;
			buildSettings = {
				CONFIGURATION_BUILD_DIR = "$(SRCROOT)/build/release";
				GCC_OPTIMIZATION_LEVEL = 2;
				HEADER_SEARCH_PATHS = "$(SRCROOT)/src/spritekit";
				PRODUCT_NAME = sk_sprite_parity;
			};
			name = Release;
		};
		FEEDFACE00000000000000BD /* Debug */ = {
			isa = XCBuildConfiguration;
			buildSettings = {
				CONFIGURATION_BUILD_DIR = "$(SRCROOT)/build/debug";
				GCC_OPTIMIZATION_LEVEL = 0;
				HEADER_SEARCH_PATHS = "$(SRCROOT)/src/spritekit";
				PRODUCT_NAME = sk_label_parity;
			};
			name = Debug;
		};
		FEEDFACE00000000000000BE /* Release */ = {
			isa = XCBuildConfiguration;
			buildSettings = {
				CONFIGURATION_BUILD_DIR = "$(SRCROOT)/build/release";
				GCC_OPTIMIZATION_LEVEL = 2;
				HEADER_SEARCH_PATHS = "$(SRCROOT)/src/spritekit";
				PRODUCT_NAME = sk_label_parity;
			};
			name = Release;
		};
		FEEDFACE00000000000000BF /* Debug */ = {
			isa = XCBuildConfiguration;
			buildSettings = {
				CONFIGURATION_BUILD_DIR = "$(SRCROOT)/build/debug";
				GCC_OPTIMIZATION_LEVEL = 0;
				HEADER_SEARCH_PATHS = "$(SRCROOT)/src/spritekit";
				PRODUCT_NAME = sk_effect_parity;
			};
			name = Debug;
		};
		FEEDFACE00000000000000C0 /* Release */ = {
			isa = XCBuildConfiguration;
			buildSettings = {
				CONFIGURATION_BUILD_DIR = "$(SRCROOT)/build/release";
				GCC_OPTIMIZATION_LEVEL = 2;
				HEADER_SEARCH_PATHS = "$(SRCROOT)/src/spritekit";
				PRODUCT_NAME = sk_effect_parity;
			};
			name = Release;
		};
		FEEDFACE00000000000000D2 /* Debug */ = {
			isa = XCBuildConfiguration;
			buildSettings = {
				CONFIGURATION_BUILD_DIR = "$(SRCROOT)/build/debug";
				GCC_OPTIMIZATION_LEVEL = 0;
				HEADER_SEARCH_PATHS = "$(SRCROOT)/src/spritekit";
				PRODUCT_NAME = sk_shape_parity;
			};
			name = Debug;
		};
		FEEDFACE00000000000000D3 /* Release */ = {
			isa = XCBuildConfiguration;
			buildSettings = {
				CONFIGURATION_BUILD_DIR = "$(SRCROOT)/build/release";
				GCC_OPTIMIZATION_LEVEL = 2;
				HEADER_SEARCH_PATHS = "$(SRCROOT)/src/spritekit";
				PRODUCT_NAME = sk_shape_parity;
			};
			name = Release;
		};
		FEEDFACE00000000000000DC /* Debug */ = {
			isa = XCBuildConfiguration;
			buildSettings = {
				CONFIGURATION_BUILD_DIR = "$(SRCROOT)/build/debug";
				GCC_OPTIMIZATION_LEVEL = 0;
				HEADER_SEARCH_PATHS = "$(SRCROOT)/src/spritekit";
				PRODUCT_NAME = sk_scene_parity;
			};
			name = Debug;
		};
		FEEDFACE00000000000000DD /* Release */ = {
			isa = XCBuildConfiguration;
			buildSettings = {
				CONFIGURATION_BUILD_DIR = "$(SRCROOT)/build/release";
				GCC_OPTIMIZATION_LEVEL = 2;
				HEADER_SEARCH_PATHS = "$(SRCROOT)/src/spritekit";
				PRODUCT_NAME = sk_scene_parity;
			};
			name = Release;
		};
		FEEDFACE00000000000000F7 /* Debug */ = {
			isa = XCBuildConfiguration;
			buildSettings = {
				CONFIGURATION_BUILD_DIR = "$(SRCROOT)/build/debug";
				GCC_OPTIMIZATION_LEVEL = 0;
				HEADER_SEARCH_PATHS = "$(SRCROOT)/src/spritekit";
				PRODUCT_NAME = sk_scene_canonical_parity;
			};
			name = Debug;
		};
		FEEDFACE00000000000000F8 /* Release */ = {
			isa = XCBuildConfiguration;
			buildSettings = {
				CONFIGURATION_BUILD_DIR = "$(SRCROOT)/build/release";
				GCC_OPTIMIZATION_LEVEL = 2;
				HEADER_SEARCH_PATHS = "$(SRCROOT)/src/spritekit";
				PRODUCT_NAME = sk_scene_canonical_parity;
			};
			name = Release;
		};
		FEEDFACE000000000000011D /* Debug */ = {
			isa = XCBuildConfiguration;
			buildSettings = {
				CONFIGURATION_BUILD_DIR = "$(SRCROOT)/build/debug";
				GCC_OPTIMIZATION_LEVEL = 0;
				HEADER_SEARCH_PATHS = "$(SRCROOT)/src/spritekit";
				PRODUCT_NAME = sk_camera_parity;
			};
			name = Debug;
		};
		FEEDFACE000000000000011E /* Release */ = {
			isa = XCBuildConfiguration;
			buildSettings = {
				CONFIGURATION_BUILD_DIR = "$(SRCROOT)/build/release";
				GCC_OPTIMIZATION_LEVEL = 2;
				HEADER_SEARCH_PATHS = "$(SRCROOT)/src/spritekit";
				PRODUCT_NAME = sk_camera_parity;
			};
			name = Release;
		};
		FEEDFACE000000000000012C /* Debug */ = {
			isa = XCBuildConfiguration;
			buildSettings = {
				CONFIGURATION_BUILD_DIR = "$(SRCROOT)/build/debug";
				GCC_OPTIMIZATION_LEVEL = 0;
				HEADER_SEARCH_PATHS = "$(SRCROOT)/src/spritekit";
				PRODUCT_NAME = sk_crop_parity;
			};
			name = Debug;
		};
		FEEDFACE000000000000012D /* Release */ = {
			isa = XCBuildConfiguration;
			buildSettings = {
				CONFIGURATION_BUILD_DIR = "$(SRCROOT)/build/release";
				GCC_OPTIMIZATION_LEVEL = 2;
				HEADER_SEARCH_PATHS = "$(SRCROOT)/src/spritekit";
				PRODUCT_NAME = sk_crop_parity;
			};
			name = Release;
		};
/* End XCBuildConfiguration section */

/* Begin XCConfigurationList section */
		FEEDFACE00000000000000A1 /* Build configuration list for PBXProject "SpriteKit" */ = {
			isa = XCConfigurationList;
			buildConfigurations = (
				FEEDFACE00000000000000B1 /* Debug */,
				FEEDFACE00000000000000B2 /* Release */,
			);
			defaultConfigurationIsVisible = 0;
			defaultConfigurationName = Release;
		};
		FEEDFACE00000000000000A2 /* Build configuration list for PBXNativeTarget "TextureAtlas" */ = {
			isa = XCConfigurationList;
			buildConfigurations = (
				FEEDFACE00000000000000B3 /* Debug */,
				FEEDFACE00000000000000B4 /* Release */,
			);
			defaultConfigurationIsVisible = 0;
			defaultConfigurationName = Release;
		};
		FEEDFACE00000000000000A3 /* Build configuration list for PBXNativeTarget "SpriteKit" */ = {
			isa = XCConfigurationList;
			buildConfigurations = (
				FEEDFACE00000000000000B5 /* Debug */,
				FEEDFACE00000000000000B6 /* Release */,
			);
			defaultConfigurationIsVisible = 0;
			defaultConfigurationName = Release;
		};
		FEEDFACE00000000000000A4 /* Build configuration list for PBXNativeTarget "sk_action_parity" */ = {
			isa = XCConfigurationList;
			buildConfigurations = (
				FEEDFACE00000000000000B7 /* Debug */,
				FEEDFACE00000000000000B8 /* Release */,
			);
			defaultConfigurationIsVisible = 0;
			defaultConfigurationName = Release;
		};
		FEEDFACE00000000000000A5 /* Build configuration list for PBXNativeTarget "sk_node_parity" */ = {
			isa = XCConfigurationList;
			buildConfigurations = (
				FEEDFACE00000000000000B9 /* Debug */,
				FEEDFACE00000000000000BA /* Release */,
			);
			defaultConfigurationIsVisible = 0;
			defaultConfigurationName = Release;
		};
		FEEDFACE00000000000000A6 /* Build configuration list for PBXNativeTarget "sk_sprite_parity" */ = {
			isa = XCConfigurationList;
			buildConfigurations = (
				FEEDFACE00000000000000BB /* Debug */,
				FEEDFACE00000000000000BC /* Release */,
			);
			defaultConfigurationIsVisible = 0;
			defaultConfigurationName = Release;
		};
		FEEDFACE00000000000000A7 /* Build configuration list for PBXNativeTarget "sk_label_parity" */ = {
			isa = XCConfigurationList;
			buildConfigurations = (
				FEEDFACE00000000000000BD /* Debug */,
				FEEDFACE00000000000000BE /* Release */,
			);
			defaultConfigurationIsVisible = 0;
			defaultConfigurationName = Release;
		};
		FEEDFACE00000000000000A8 /* Build configuration list for PBXNativeTarget "sk_effect_parity" */ = {
			isa = XCConfigurationList;
			buildConfigurations = (
				FEEDFACE00000000000000BF /* Debug */,
				FEEDFACE00000000000000C0 /* Release */,
			);
			defaultConfigurationIsVisible = 0;
			defaultConfigurationName = Release;
		};
		FEEDFACE00000000000000D1 /* Build configuration list for PBXNativeTarget "sk_shape_parity" */ = {
			isa = XCConfigurationList;
			buildConfigurations = (
				FEEDFACE00000000000000D2 /* Debug */,
				FEEDFACE00000000000000D3 /* Release */,
			);
			defaultConfigurationIsVisible = 0;
			defaultConfigurationName = Release;
		};
		FEEDFACE00000000000000DE /* Build configuration list for PBXNativeTarget "sk_scene_parity" */ = {
			isa = XCConfigurationList;
			buildConfigurations = (
				FEEDFACE00000000000000DC /* Debug */,
				FEEDFACE00000000000000DD /* Release */,
			);
			defaultConfigurationIsVisible = 0;
			defaultConfigurationName = Release;
		};
		FEEDFACE00000000000000F6 /* Build configuration list for PBXNativeTarget "sk_scene_canonical_parity" */ = {
			isa = XCConfigurationList;
			buildConfigurations = (
				FEEDFACE00000000000000F7 /* Debug */,
				FEEDFACE00000000000000F8 /* Release */,
			);
			defaultConfigurationIsVisible = 0;
			defaultConfigurationName = Release;
		};
		FEEDFACE000000000000011C /* Build configuration list for PBXNativeTarget "sk_camera_parity" */ = {
			isa = XCConfigurationList;
			buildConfigurations = (
				FEEDFACE000000000000011D /* Debug */,
				FEEDFACE000000000000011E /* Release */,
			);
			defaultConfigurationIsVisible = 0;
			defaultConfigurationName = Release;
		};
		FEEDFACE000000000000012B /* Build configuration list for PBXNativeTarget "sk_crop_parity" */ = {
			isa = XCConfigurationList;
			buildConfigurations = (
				FEEDFACE000000000000012C /* Debug */,
				FEEDFACE000000000000012D /* Release */,
			);
			defaultConfigurationIsVisible = 0;
			defaultConfigurationName = Release;
		};
/* End XCConfigurationList section */
	};
	rootObject = FEEDFACE0000000000000001 /* Project object */;
}